
Microsoft Visual Studio Solution File, Format Version 12.00
# Visual Studio 15
VisualStudioVersion = 15.0.28307.852
MinimumVisualStudioVersion = 10.0.40219.1
Project("{8BC9CEB8-8B4A-11D0-8D11-00A0C91BC942}") = "11-7-牛客刷题", "11-7-牛客刷题\11-7-牛客刷题.vcxproj", "{01AC1A91-7256-4AE2-B231-1DB7E4576693}"
EndProject
Global
	GlobalSection(SolutionConfigurationPlatforms) = preSolution
		Debug|x64 = Debug|x64
		Debug|x86 = Debug|x86
		Release|x64 = Release|x64
		Release|x86 = Release|x86
	EndGlobalSection
	GlobalSection(ProjectConfigurationPlatforms) = postSolution
		{01AC1A91-7256-4AE2-B231-1DB7E4576693}.Debug|x64.ActiveCfg = Debug|x64
		{01AC1A91-7256-4AE2-B231-1DB7E4576693}.Debug|x64.Build.0 = Debug|x64
		{01AC1A91-7256-4AE2-B231-1DB7E4576693}.Debug|x86.ActiveCfg = Debug|Win32
		{01AC1A91-7256-4AE2-B231-1DB7E4576693}.Debug|x86.Build.0 = Debug|Win32
		{01AC1A91-7256-4AE2-B231-1DB7E4576693}.Release|x64.ActiveCfg = Release|x64
		{01AC1A91-7256-4AE2-B231-1DB7E4576693}.Release|x64.Build.0 = Release|x64
		{01AC1A91-7256-4AE2-B231-1DB7E4576693}.Release|x86.ActiveCfg = Release|Win32
		{01AC1A91-7256-4AE2-B231-1DB7E4576693}.Release|x86.Build.0 = Release|Win32
	EndGlobalSection
	GlobalSection(SolutionProperties) = preSolution
		HideSolutionNode = FALSE
	EndGlobalSection
	GlobalSection(ExtensibilityGlobals) = postSolution
		SolutionGuid = {C45ECA25-3148-4C3A-8ED5-0D0E9788DCFE}
	EndGlobalSection
EndGlobal
