
Microsoft Visual Studio Solution File, Format Version 12.00
# Visual Studio 15
VisualStudioVersion = 15.0.28307.852
MinimumVisualStudioVersion = 10.0.40219.1
Project("{8BC9CEB8-8B4A-11D0-8D11-00A0C91BC942}") = "4-9-力扣刷题", "4-9-力扣刷题\4-9-力扣刷题.vcxproj", "{642F0D81-69CE-4206-B63C-043EB7A4D9BE}"
EndProject
Global
	GlobalSection(SolutionConfigurationPlatforms) = preSolution
		Debug|x64 = Debug|x64
		Debug|x86 = Debug|x86
		Release|x64 = Release|x64
		Release|x86 = Release|x86
	EndGlobalSection
	GlobalSection(ProjectConfigurationPlatforms) = postSolution
		{642F0D81-69CE-4206-B63C-043EB7A4D9BE}.Debug|x64.ActiveCfg = Debug|x64
		{642F0D81-69CE-4206-B63C-043EB7A4D9BE}.Debug|x64.Build.0 = Debug|x64
		{642F0D81-69CE-4206-B63C-043EB7A4D9BE}.Debug|x86.ActiveCfg = Debug|Win32
		{642F0D81-69CE-4206-B63C-043EB7A4D9BE}.Debug|x86.Build.0 = Debug|Win32
		{642F0D81-69CE-4206-B63C-043EB7A4D9BE}.Release|x64.ActiveCfg = Release|x64
		{642F0D81-69CE-4206-B63C-043EB7A4D9BE}.Release|x64.Build.0 = Release|x64
		{642F0D81-69CE-4206-B63C-043EB7A4D9BE}.Release|x86.ActiveCfg = Release|Win32
		{642F0D81-69CE-4206-B63C-043EB7A4D9BE}.Release|x86.Build.0 = Release|Win32
	EndGlobalSection
	GlobalSection(SolutionProperties) = preSolution
		HideSolutionNode = FALSE
	EndGlobalSection
	GlobalSection(ExtensibilityGlobals) = postSolution
		SolutionGuid = {CC3EB425-74C8-42B5-B98C-641878CB3670}
	EndGlobalSection
EndGlobal
