
Microsoft Visual Studio Solution File, Format Version 12.00
# Visual Studio 2013
VisualStudioVersion = 12.0.30501.0
MinimumVisualStudioVersion = 10.0.40219.1
Project("{8BC9CEB8-8B4A-11D0-8D11-00A0C91BC942}") = "0914_类与对象作业_Date类", "0914_类与对象作业_Date类\0914_类与对象作业_Date类.vcxproj", "{0A0C961B-A10A-4261-98BF-1D51538566FC}"
EndProject
Global
	GlobalSection(SolutionConfigurationPlatforms) = preSolution
		Debug|Win32 = Debug|Win32
		Release|Win32 = Release|Win32
	EndGlobalSection
	GlobalSection(ProjectConfigurationPlatforms) = postSolution
		{0A0C961B-A10A-4261-98BF-1D51538566FC}.Debug|Win32.ActiveCfg = Debug|Win32
		{0A0C961B-A10A-4261-98BF-1D51538566FC}.Debug|Win32.Build.0 = Debug|Win32
		{0A0C961B-A10A-4261-98BF-1D51538566FC}.Release|Win32.ActiveCfg = Release|Win32
		{0A0C961B-A10A-4261-98BF-1D51538566FC}.Release|Win32.Build.0 = Release|Win32
	EndGlobalSection
	GlobalSection(SolutionProperties) = preSolution
		HideSolutionNode = FALSE
	EndGlobalSection
EndGlobal
