
Microsoft Visual Studio Solution File, Format Version 12.00
# Visual Studio 15
VisualStudioVersion = 15.0.28307.852
MinimumVisualStudioVersion = 10.0.40219.1
Project("{8BC9CEB8-8B4A-11D0-8D11-00A0C91BC942}") = "1-24-通配符匹配", "1-24-通配符匹配\1-24-通配符匹配.vcxproj", "{78BD2B24-FD37-4707-B416-9DF8ED85E961}"
EndProject
Global
	GlobalSection(SolutionConfigurationPlatforms) = preSolution
		Debug|x64 = Debug|x64
		Debug|x86 = Debug|x86
		Release|x64 = Release|x64
		Release|x86 = Release|x86
	EndGlobalSection
	GlobalSection(ProjectConfigurationPlatforms) = postSolution
		{78BD2B24-FD37-4707-B416-9DF8ED85E961}.Debug|x64.ActiveCfg = Debug|x64
		{78BD2B24-FD37-4707-B416-9DF8ED85E961}.Debug|x64.Build.0 = Debug|x64
		{78BD2B24-FD37-4707-B416-9DF8ED85E961}.Debug|x86.ActiveCfg = Debug|Win32
		{78BD2B24-FD37-4707-B416-9DF8ED85E961}.Debug|x86.Build.0 = Debug|Win32
		{78BD2B24-FD37-4707-B416-9DF8ED85E961}.Release|x64.ActiveCfg = Release|x64
		{78BD2B24-FD37-4707-B416-9DF8ED85E961}.Release|x64.Build.0 = Release|x64
		{78BD2B24-FD37-4707-B416-9DF8ED85E961}.Release|x86.ActiveCfg = Release|Win32
		{78BD2B24-FD37-4707-B416-9DF8ED85E961}.Release|x86.Build.0 = Release|Win32
	EndGlobalSection
	GlobalSection(SolutionProperties) = preSolution
		HideSolutionNode = FALSE
	EndGlobalSection
	GlobalSection(ExtensibilityGlobals) = postSolution
		SolutionGuid = {8E928D28-A26D-4270-B0E1-FE4FC9349220}
	EndGlobalSection
EndGlobal
