
Microsoft Visual Studio Solution File, Format Version 12.00
# Visual Studio 15
VisualStudioVersion = 15.0.28307.852
MinimumVisualStudioVersion = 10.0.40219.1
Project("{8BC9CEB8-8B4A-11D0-8D11-00A0C91BC942}") = "3-3-笔试真题-悠易", "3-3-笔试真题-悠易\3-3-笔试真题-悠易.vcxproj", "{A540DB31-C10F-461D-90FF-D4A6DD5319CB}"
EndProject
Global
	GlobalSection(SolutionConfigurationPlatforms) = preSolution
		Debug|x64 = Debug|x64
		Debug|x86 = Debug|x86
		Release|x64 = Release|x64
		Release|x86 = Release|x86
	EndGlobalSection
	GlobalSection(ProjectConfigurationPlatforms) = postSolution
		{A540DB31-C10F-461D-90FF-D4A6DD5319CB}.Debug|x64.ActiveCfg = Debug|x64
		{A540DB31-C10F-461D-90FF-D4A6DD5319CB}.Debug|x64.Build.0 = Debug|x64
		{A540DB31-C10F-461D-90FF-D4A6DD5319CB}.Debug|x86.ActiveCfg = Debug|Win32
		{A540DB31-C10F-461D-90FF-D4A6DD5319CB}.Debug|x86.Build.0 = Debug|Win32
		{A540DB31-C10F-461D-90FF-D4A6DD5319CB}.Release|x64.ActiveCfg = Release|x64
		{A540DB31-C10F-461D-90FF-D4A6DD5319CB}.Release|x64.Build.0 = Release|x64
		{A540DB31-C10F-461D-90FF-D4A6DD5319CB}.Release|x86.ActiveCfg = Release|Win32
		{A540DB31-C10F-461D-90FF-D4A6DD5319CB}.Release|x86.Build.0 = Release|Win32
	EndGlobalSection
	GlobalSection(SolutionProperties) = preSolution
		HideSolutionNode = FALSE
	EndGlobalSection
	GlobalSection(ExtensibilityGlobals) = postSolution
		SolutionGuid = {3A6B0043-7789-4C9F-8FB5-4FD18173824E}
	EndGlobalSection
EndGlobal
