
Microsoft Visual Studio Solution File, Format Version 12.00
# Visual Studio 15
VisualStudioVersion = 15.0.28307.852
MinimumVisualStudioVersion = 10.0.40219.1
Project("{8BC9CEB8-8B4A-11D0-8D11-00A0C91BC942}") = "11-27-shared_ptr", "11-27-shared_ptr\11-27-shared_ptr.vcxproj", "{8F7ED21C-BA53-4860-8484-B8E44F04C6C5}"
EndProject
Global
	GlobalSection(SolutionConfigurationPlatforms) = preSolution
		Debug|x64 = Debug|x64
		Debug|x86 = Debug|x86
		Release|x64 = Release|x64
		Release|x86 = Release|x86
	EndGlobalSection
	GlobalSection(ProjectConfigurationPlatforms) = postSolution
		{8F7ED21C-BA53-4860-8484-B8E44F04C6C5}.Debug|x64.ActiveCfg = Debug|x64
		{8F7ED21C-BA53-4860-8484-B8E44F04C6C5}.Debug|x64.Build.0 = Debug|x64
		{8F7ED21C-BA53-4860-8484-B8E44F04C6C5}.Debug|x86.ActiveCfg = Debug|Win32
		{8F7ED21C-BA53-4860-8484-B8E44F04C6C5}.Debug|x86.Build.0 = Debug|Win32
		{8F7ED21C-BA53-4860-8484-B8E44F04C6C5}.Release|x64.ActiveCfg = Release|x64
		{8F7ED21C-BA53-4860-8484-B8E44F04C6C5}.Release|x64.Build.0 = Release|x64
		{8F7ED21C-BA53-4860-8484-B8E44F04C6C5}.Release|x86.ActiveCfg = Release|Win32
		{8F7ED21C-BA53-4860-8484-B8E44F04C6C5}.Release|x86.Build.0 = Release|Win32
	EndGlobalSection
	GlobalSection(SolutionProperties) = preSolution
		HideSolutionNode = FALSE
	EndGlobalSection
	GlobalSection(ExtensibilityGlobals) = postSolution
		SolutionGuid = {7AAB7E79-A6C9-4A6A-90EA-2990B60FEBE7}
	EndGlobalSection
EndGlobal
